
Microsoft Visual Studio Solution File, Format Version 12.00
# Visual Studio Version 17
VisualStudioVersion = 17.1.32421.90
MinimumVisualStudioVersion = 10.0.40219.1
Project("{2150E333-8FDC-42A3-9474-1A3956D46DE8}") = "BuyRequest", "BuyRequest", "{00F60807-39A7-494A-9038-8F8C37AE633E}"
EndProject
Project("{2150E333-8FDC-42A3-9474-1A3956D46DE8}") = "Application", "Application", "{20058707-A5FE-4839-BBB0-8AC80978840D}"
EndProject
Project("{9A19103F-16F7-4668-BE54-9A1E7A4F7556}") = "BuyRequest.Application", "BuyRequest.Application\BuyRequest.Application.csproj", "{90BD2815-E0CB-4B4C-B243-722916498A53}"
EndProject
Project("{2150E333-8FDC-42A3-9474-1A3956D46DE8}") = "Data", "Data", "{DD8CA425-AB45-454E-B5B0-3E6DFFD8BF93}"
EndProject
Project("{2150E333-8FDC-42A3-9474-1A3956D46DE8}") = "Domain", "Domain", "{A79827BD-21FF-4F88-9D9C-3B909B16EF04}"
EndProject
Project("{9A19103F-16F7-4668-BE54-9A1E7A4F7556}") = "BuyRequest.Domain", "BuyRequest.Domain\BuyRequest.Domain.csproj", "{E65C8650-F9F7-447E-8F19-C45A5D9D5B75}"
EndProject
Project("{9A19103F-16F7-4668-BE54-9A1E7A4F7556}") = "BuyRequestAPI", "BuyRequestAPI\BuyRequestAPI.csproj", "{3A9FB938-313D-4152-BCB4-8EC55FE6BAF2}"
EndProject
Project("{2150E333-8FDC-42A3-9474-1A3956D46DE8}") = "BankRecord", "BankRecord", "{02D8251E-907F-4103-B3AC-C61A146BBABC}"
EndProject
Project("{2150E333-8FDC-42A3-9474-1A3956D46DE8}") = "Application", "Application", "{A54CA8A5-612F-4730-AA74-BC8A10204F66}"
EndProject
Project("{9A19103F-16F7-4668-BE54-9A1E7A4F7556}") = "BankRecord.Application", "BankRecord.Application\BankRecord.Application.csproj", "{0F69DD91-10B4-4517-82DE-E2E649D34D06}"
EndProject
Project("{2150E333-8FDC-42A3-9474-1A3956D46DE8}") = "Communication", "Communication", "{EED19355-49E8-449A-AD94-36B2137C9416}"
EndProject
Project("{2150E333-8FDC-42A3-9474-1A3956D46DE8}") = "Data", "Data", "{BB2CA7C1-5BB4-4BE4-9E1F-D3C720776D99}"
EndProject
Project("{2150E333-8FDC-42A3-9474-1A3956D46DE8}") = "Domain", "Domain", "{F37345B9-73B1-45E6-9815-26F544A2A009}"
EndProject
Project("{9A19103F-16F7-4668-BE54-9A1E7A4F7556}") = "BankRecord.Domain", "BankRecord.Domain\BankRecord.Domain.csproj", "{0450BA14-5CA8-469E-9C50-D8CA219B209A}"
EndProject
Project("{9A19103F-16F7-4668-BE54-9A1E7A4F7556}") = "BankRecordAPI", "BankRecordAPI\BankRecordAPI.csproj", "{80396D39-EBC6-49C3-AC76-1300E785F457}"
EndProject
Project("{2150E333-8FDC-42A3-9474-1A3956D46DE8}") = "Document", "Document", "{DF190E8D-527D-4CB5-B712-D8BEA143356D}"
EndProject
Project("{2150E333-8FDC-42A3-9474-1A3956D46DE8}") = "Application", "Application", "{F803BA20-2689-473D-97B2-F3861E313699}"
EndProject
Project("{9A19103F-16F7-4668-BE54-9A1E7A4F7556}") = "Document.Application", "Document.Application\Document.Application.csproj", "{7E3181A5-1105-447B-90F7-3D321991A5D6}"
EndProject
Project("{2150E333-8FDC-42A3-9474-1A3956D46DE8}") = "Data", "Data", "{B9BAF238-20EF-4362-8965-15FF9EE85970}"
EndProject
Project("{2150E333-8FDC-42A3-9474-1A3956D46DE8}") = "Domain", "Domain", "{F8AB279C-623E-4153-8811-F90E7C6D61E9}"
EndProject
Project("{9A19103F-16F7-4668-BE54-9A1E7A4F7556}") = "Document.Domain", "Document.Domain\Document.Domain.csproj", "{33682412-1889-4B05-AB91-03D701F173D6}"
EndProject
Project("{9A19103F-16F7-4668-BE54-9A1E7A4F7556}") = "DocumentAPI", "DocumentAPI\DocumentAPI.csproj", "{5925E6BB-FD22-4E53-BFE2-3FDA742144AF}"
EndProject
Project("{2150E333-8FDC-42A3-9474-1A3956D46DE8}") = "Infrastructure", "Infrastructure", "{3377F64A-3F0B-4537-A912-A58E9D991108}"
EndProject
Project("{9A19103F-16F7-4668-BE54-9A1E7A4F7556}") = "Infrastructure", "Infrastructure\Infrastructure.csproj", "{A198A4A1-B666-4642-9D70-D5A51B125E84}"
EndProject
Project("{9A19103F-16F7-4668-BE54-9A1E7A4F7556}") = "BankRecord.Data", "BankRecord.Data\BankRecord.Data.csproj", "{09DA4230-5AB5-467B-8862-572932665271}"
EndProject
Project("{9A19103F-16F7-4668-BE54-9A1E7A4F7556}") = "BuyRequest.Data", "BuyRequest.Data\BuyRequest.Data.csproj", "{AF9BCC06-2C5D-4023-86DA-838552FA9124}"
EndProject
Project("{9A19103F-16F7-4668-BE54-9A1E7A4F7556}") = "Document.Data", "Document.Data\Document.Data.csproj", "{50E21CA0-C0E9-46D8-8A2D-C82ACFB57E29}"
EndProject
Project("{9A19103F-16F7-4668-BE54-9A1E7A4F7556}") = "BankRecord.Communication", "BankRecord.Communication\BankRecord.Communication.csproj", "{299D4A8F-214A-4A31-9DEC-64141E04372F}"
EndProject
Project("{2150E333-8FDC-42A3-9474-1A3956D46DE8}") = "UnitTestsBankRecord", "UnitTestsBankRecord", "{3E2BFF30-71D0-4D7E-93AD-76F6BFB39AAD}"
EndProject
Project("{2150E333-8FDC-42A3-9474-1A3956D46DE8}") = "UnitTestsBuyRequest", "UnitTestsBuyRequest", "{58B7858D-8AAF-48E8-B689-CF749361BE05}"
EndProject
Project("{2150E333-8FDC-42A3-9474-1A3956D46DE8}") = "UnitTestsDocument", "UnitTestsDocument", "{B8CDC412-1606-4038-9BE6-B0C9D3ED4753}"
EndProject
Project("{FAE04EC0-301F-11D3-BF4B-00C04F79EFBC}") = "BankRecordUnitTest", "BankRecordUnitTest\BankRecordUnitTest.csproj", "{303DCBBE-526F-4902-A79B-9574419A0E04}"
EndProject
Project("{FAE04EC0-301F-11D3-BF4B-00C04F79EFBC}") = "BuyRequestUnitTests", "BuyRequestUnitTests\BuyRequestUnitTests.csproj", "{5086480B-1D8F-4461-8AA3-E6023B661499}"
EndProject
Global
	GlobalSection(SolutionConfigurationPlatforms) = preSolution
		Debug|Any CPU = Debug|Any CPU
		Release|Any CPU = Release|Any CPU
	EndGlobalSection
	GlobalSection(ProjectConfigurationPlatforms) = postSolution
		{90BD2815-E0CB-4B4C-B243-722916498A53}.Debug|Any CPU.ActiveCfg = Debug|Any CPU
		{90BD2815-E0CB-4B4C-B243-722916498A53}.Debug|Any CPU.Build.0 = Debug|Any CPU
		{90BD2815-E0CB-4B4C-B243-722916498A53}.Release|Any CPU.ActiveCfg = Release|Any CPU
		{90BD2815-E0CB-4B4C-B243-722916498A53}.Release|Any CPU.Build.0 = Release|Any CPU
		{E65C8650-F9F7-447E-8F19-C45A5D9D5B75}.Debug|Any CPU.ActiveCfg = Debug|Any CPU
		{E65C8650-F9F7-447E-8F19-C45A5D9D5B75}.Debug|Any CPU.Build.0 = Debug|Any CPU
		{E65C8650-F9F7-447E-8F19-C45A5D9D5B75}.Release|Any CPU.ActiveCfg = Release|Any CPU
		{E65C8650-F9F7-447E-8F19-C45A5D9D5B75}.Release|Any CPU.Build.0 = Release|Any CPU
		{3A9FB938-313D-4152-BCB4-8EC55FE6BAF2}.Debug|Any CPU.ActiveCfg = Debug|Any CPU
		{3A9FB938-313D-4152-BCB4-8EC55FE6BAF2}.Debug|Any CPU.Build.0 = Debug|Any CPU
		{3A9FB938-313D-4152-BCB4-8EC55FE6BAF2}.Release|Any CPU.ActiveCfg = Release|Any CPU
		{3A9FB938-313D-4152-BCB4-8EC55FE6BAF2}.Release|Any CPU.Build.0 = Release|Any CPU
		{0F69DD91-10B4-4517-82DE-E2E649D34D06}.Debug|Any CPU.ActiveCfg = Debug|Any CPU
		{0F69DD91-10B4-4517-82DE-E2E649D34D06}.Debug|Any CPU.Build.0 = Debug|Any CPU
		{0F69DD91-10B4-4517-82DE-E2E649D34D06}.Release|Any CPU.ActiveCfg = Release|Any CPU
		{0F69DD91-10B4-4517-82DE-E2E649D34D06}.Release|Any CPU.Build.0 = Release|Any CPU
		{0450BA14-5CA8-469E-9C50-D8CA219B209A}.Debug|Any CPU.ActiveCfg = Debug|Any CPU
		{0450BA14-5CA8-469E-9C50-D8CA219B209A}.Debug|Any CPU.Build.0 = Debug|Any CPU
		{0450BA14-5CA8-469E-9C50-D8CA219B209A}.Release|Any CPU.ActiveCfg = Release|Any CPU
		{0450BA14-5CA8-469E-9C50-D8CA219B209A}.Release|Any CPU.Build.0 = Release|Any CPU
		{80396D39-EBC6-49C3-AC76-1300E785F457}.Debug|Any CPU.ActiveCfg = Debug|Any CPU
		{80396D39-EBC6-49C3-AC76-1300E785F457}.Debug|Any CPU.Build.0 = Debug|Any CPU
		{80396D39-EBC6-49C3-AC76-1300E785F457}.Release|Any CPU.ActiveCfg = Release|Any CPU
		{80396D39-EBC6-49C3-AC76-1300E785F457}.Release|Any CPU.Build.0 = Release|Any CPU
		{7E3181A5-1105-447B-90F7-3D321991A5D6}.Debug|Any CPU.ActiveCfg = Debug|Any CPU
		{7E3181A5-1105-447B-90F7-3D321991A5D6}.Debug|Any CPU.Build.0 = Debug|Any CPU
		{7E3181A5-1105-447B-90F7-3D321991A5D6}.Release|Any CPU.ActiveCfg = Release|Any CPU
		{7E3181A5-1105-447B-90F7-3D321991A5D6}.Release|Any CPU.Build.0 = Release|Any CPU
		{33682412-1889-4B05-AB91-03D701F173D6}.Debug|Any CPU.ActiveCfg = Debug|Any CPU
		{33682412-1889-4B05-AB91-03D701F173D6}.Debug|Any CPU.Build.0 = Debug|Any CPU
		{33682412-1889-4B05-AB91-03D701F173D6}.Release|Any CPU.ActiveCfg = Release|Any CPU
		{33682412-1889-4B05-AB91-03D701F173D6}.Release|Any CPU.Build.0 = Release|Any CPU
		{5925E6BB-FD22-4E53-BFE2-3FDA742144AF}.Debug|Any CPU.ActiveCfg = Debug|Any CPU
		{5925E6BB-FD22-4E53-BFE2-3FDA742144AF}.Debug|Any CPU.Build.0 = Debug|Any CPU
		{5925E6BB-FD22-4E53-BFE2-3FDA742144AF}.Release|Any CPU.ActiveCfg = Release|Any CPU
		{5925E6BB-FD22-4E53-BFE2-3FDA742144AF}.Release|Any CPU.Build.0 = Release|Any CPU
		{A198A4A1-B666-4642-9D70-D5A51B125E84}.Debug|Any CPU.ActiveCfg = Debug|Any CPU
		{A198A4A1-B666-4642-9D70-D5A51B125E84}.Debug|Any CPU.Build.0 = Debug|Any CPU
		{A198A4A1-B666-4642-9D70-D5A51B125E84}.Release|Any CPU.ActiveCfg = Release|Any CPU
		{A198A4A1-B666-4642-9D70-D5A51B125E84}.Release|Any CPU.Build.0 = Release|Any CPU
		{09DA4230-5AB5-467B-8862-572932665271}.Debug|Any CPU.ActiveCfg = Debug|Any CPU
		{09DA4230-5AB5-467B-8862-572932665271}.Debug|Any CPU.Build.0 = Debug|Any CPU
		{09DA4230-5AB5-467B-8862-572932665271}.Release|Any CPU.ActiveCfg = Release|Any CPU
		{09DA4230-5AB5-467B-8862-572932665271}.Release|Any CPU.Build.0 = Release|Any CPU
		{AF9BCC06-2C5D-4023-86DA-838552FA9124}.Debug|Any CPU.ActiveCfg = Debug|Any CPU
		{AF9BCC06-2C5D-4023-86DA-838552FA9124}.Debug|Any CPU.Build.0 = Debug|Any CPU
		{AF9BCC06-2C5D-4023-86DA-838552FA9124}.Release|Any CPU.ActiveCfg = Release|Any CPU
		{AF9BCC06-2C5D-4023-86DA-838552FA9124}.Release|Any CPU.Build.0 = Release|Any CPU
		{50E21CA0-C0E9-46D8-8A2D-C82ACFB57E29}.Debug|Any CPU.ActiveCfg = Debug|Any CPU
		{50E21CA0-C0E9-46D8-8A2D-C82ACFB57E29}.Debug|Any CPU.Build.0 = Debug|Any CPU
		{50E21CA0-C0E9-46D8-8A2D-C82ACFB57E29}.Release|Any CPU.ActiveCfg = Release|Any CPU
		{50E21CA0-C0E9-46D8-8A2D-C82ACFB57E29}.Release|Any CPU.Build.0 = Release|Any CPU
		{299D4A8F-214A-4A31-9DEC-64141E04372F}.Debug|Any CPU.ActiveCfg = Debug|Any CPU
		{299D4A8F-214A-4A31-9DEC-64141E04372F}.Debug|Any CPU.Build.0 = Debug|Any CPU
		{299D4A8F-214A-4A31-9DEC-64141E04372F}.Release|Any CPU.ActiveCfg = Release|Any CPU
		{299D4A8F-214A-4A31-9DEC-64141E04372F}.Release|Any CPU.Build.0 = Release|Any CPU
		{303DCBBE-526F-4902-A79B-9574419A0E04}.Debug|Any CPU.ActiveCfg = Debug|Any CPU
		{303DCBBE-526F-4902-A79B-9574419A0E04}.Debug|Any CPU.Build.0 = Debug|Any CPU
		{303DCBBE-526F-4902-A79B-9574419A0E04}.Release|Any CPU.ActiveCfg = Release|Any CPU
		{303DCBBE-526F-4902-A79B-9574419A0E04}.Release|Any CPU.Build.0 = Release|Any CPU
		{5086480B-1D8F-4461-8AA3-E6023B661499}.Debug|Any CPU.ActiveCfg = Debug|Any CPU
		{5086480B-1D8F-4461-8AA3-E6023B661499}.Debug|Any CPU.Build.0 = Debug|Any CPU
		{5086480B-1D8F-4461-8AA3-E6023B661499}.Release|Any CPU.ActiveCfg = Release|Any CPU
		{5086480B-1D8F-4461-8AA3-E6023B661499}.Release|Any CPU.Build.0 = Release|Any CPU
	EndGlobalSection
	GlobalSection(SolutionProperties) = preSolution
		HideSolutionNode = FALSE
	EndGlobalSection
	GlobalSection(NestedProjects) = preSolution
		{20058707-A5FE-4839-BBB0-8AC80978840D} = {00F60807-39A7-494A-9038-8F8C37AE633E}
		{90BD2815-E0CB-4B4C-B243-722916498A53} = {20058707-A5FE-4839-BBB0-8AC80978840D}
		{DD8CA425-AB45-454E-B5B0-3E6DFFD8BF93} = {00F60807-39A7-494A-9038-8F8C37AE633E}
		{A79827BD-21FF-4F88-9D9C-3B909B16EF04} = {00F60807-39A7-494A-9038-8F8C37AE633E}
		{E65C8650-F9F7-447E-8F19-C45A5D9D5B75} = {A79827BD-21FF-4F88-9D9C-3B909B16EF04}
		{3A9FB938-313D-4152-BCB4-8EC55FE6BAF2} = {00F60807-39A7-494A-9038-8F8C37AE633E}
		{A54CA8A5-612F-4730-AA74-BC8A10204F66} = {02D8251E-907F-4103-B3AC-C61A146BBABC}
		{0F69DD91-10B4-4517-82DE-E2E649D34D06} = {A54CA8A5-612F-4730-AA74-BC8A10204F66}
		{EED19355-49E8-449A-AD94-36B2137C9416} = {02D8251E-907F-4103-B3AC-C61A146BBABC}
		{BB2CA7C1-5BB4-4BE4-9E1F-D3C720776D99} = {02D8251E-907F-4103-B3AC-C61A146BBABC}
		{F37345B9-73B1-45E6-9815-26F544A2A009} = {02D8251E-907F-4103-B3AC-C61A146BBABC}
		{0450BA14-5CA8-469E-9C50-D8CA219B209A} = {F37345B9-73B1-45E6-9815-26F544A2A009}
		{80396D39-EBC6-49C3-AC76-1300E785F457} = {02D8251E-907F-4103-B3AC-C61A146BBABC}
		{F803BA20-2689-473D-97B2-F3861E313699} = {DF190E8D-527D-4CB5-B712-D8BEA143356D}
		{7E3181A5-1105-447B-90F7-3D321991A5D6} = {F803BA20-2689-473D-97B2-F3861E313699}
		{B9BAF238-20EF-4362-8965-15FF9EE85970} = {DF190E8D-527D-4CB5-B712-D8BEA143356D}
		{F8AB279C-623E-4153-8811-F90E7C6D61E9} = {DF190E8D-527D-4CB5-B712-D8BEA143356D}
		{33682412-1889-4B05-AB91-03D701F173D6} = {F8AB279C-623E-4153-8811-F90E7C6D61E9}
		{5925E6BB-FD22-4E53-BFE2-3FDA742144AF} = {DF190E8D-527D-4CB5-B712-D8BEA143356D}
		{A198A4A1-B666-4642-9D70-D5A51B125E84} = {3377F64A-3F0B-4537-A912-A58E9D991108}
		{09DA4230-5AB5-467B-8862-572932665271} = {BB2CA7C1-5BB4-4BE4-9E1F-D3C720776D99}
		{AF9BCC06-2C5D-4023-86DA-838552FA9124} = {DD8CA425-AB45-454E-B5B0-3E6DFFD8BF93}
		{50E21CA0-C0E9-46D8-8A2D-C82ACFB57E29} = {B9BAF238-20EF-4362-8965-15FF9EE85970}
		{299D4A8F-214A-4A31-9DEC-64141E04372F} = {EED19355-49E8-449A-AD94-36B2137C9416}
		{3E2BFF30-71D0-4D7E-93AD-76F6BFB39AAD} = {02D8251E-907F-4103-B3AC-C61A146BBABC}
		{58B7858D-8AAF-48E8-B689-CF749361BE05} = {00F60807-39A7-494A-9038-8F8C37AE633E}
		{B8CDC412-1606-4038-9BE6-B0C9D3ED4753} = {DF190E8D-527D-4CB5-B712-D8BEA143356D}
		{303DCBBE-526F-4902-A79B-9574419A0E04} = {3E2BFF30-71D0-4D7E-93AD-76F6BFB39AAD}
		{5086480B-1D8F-4461-8AA3-E6023B661499} = {58B7858D-8AAF-48E8-B689-CF749361BE05}
	EndGlobalSection
	GlobalSection(ExtensibilityGlobals) = postSolution
		SolutionGuid = {A14D4D19-5F16-4020-B504-E74CBD6CF939}
	EndGlobalSection
EndGlobal
